
Microsoft Visual Studio Solution File, Format Version 12.00
# Visual Studio Version 17
VisualStudioVersion = 17.9.34728.123
MinimumVisualStudioVersion = 10.0.40219.1
Project("{FAE04EC0-301F-11D3-BF4B-00C04F79EFBC}") = "ArticleAssignment", "ArticleAssignment.csproj", "{88065FCC-D7E6-4A65-8774-F236F811B0B9}"
EndProject
Global
	GlobalSection(SolutionConfigurationPlatforms) = preSolution
		Debug|Any CPU = Debug|Any CPU
		Release|Any CPU = Release|Any CPU
	EndGlobalSection
	GlobalSection(ProjectConfigurationPlatforms) = postSolution
		{88065FCC-D7E6-4A65-8774-F236F811B0B9}.Debug|Any CPU.ActiveCfg = Debug|Any CPU
		{88065FCC-D7E6-4A65-8774-F236F811B0B9}.Debug|Any CPU.Build.0 = Debug|Any CPU
		{88065FCC-D7E6-4A65-8774-F236F811B0B9}.Release|Any CPU.ActiveCfg = Release|Any CPU
		{88065FCC-D7E6-4A65-8774-F236F811B0B9}.Release|Any CPU.Build.0 = Release|Any CPU
	EndGlobalSection
	GlobalSection(SolutionProperties) = preSolution
		HideSolutionNode = FALSE
	EndGlobalSection
	GlobalSection(ExtensibilityGlobals) = postSolution
		SolutionGuid = {42494AEF-D8B9-4338-9255-B5928197D2A7}
	EndGlobalSection
EndGlobal
